lockfileVersion: 5.4

specifiers:
  '@openzeppelin/contracts': ^4.8.3

dependencies:
  '@openzeppelin/contracts': 4.8.3

packages:

  /@openzeppelin/contracts/4.8.3:
    resolution: {integrity: sha512-bQHV8R9Me8IaJoJ2vPG4rXcL7seB7YVuskr4f+f5RyOStSZetwzkWtoqDMl5erkBJy0lDRUnIR2WIkPiC0GJlg==}
    dev: false
